
Microsoft Visual Studio Solution File, Format Version 12.00
# Visual Studio Version 17
VisualStudioVersion = 17.10.35027.167
MinimumVisualStudioVersion = 10.0.40219.1
Project("{FAE04EC0-301F-11D3-BF4B-00C04F79EFBC}") = "Calculator", "Calculator\Calculator.csproj", "{918521D6-AC1B-4E4C-85BB-3ED3C93BB1C4}"
EndProject
Global
	GlobalSection(SolutionConfigurationPlatforms) = preSolution
		Debug|Any CPU = Debug|Any CPU
		Release|Any CPU = Release|Any CPU
	EndGlobalSection
	GlobalSection(ProjectConfigurationPlatforms) = postSolution
		{918521D6-AC1B-4E4C-85BB-3ED3C93BB1C4}.Debug|Any CPU.ActiveCfg = Debug|Any CPU
		{918521D6-AC1B-4E4C-85BB-3ED3C93BB1C4}.Debug|Any CPU.Build.0 = Debug|Any CPU
		{918521D6-AC1B-4E4C-85BB-3ED3C93BB1C4}.Release|Any CPU.ActiveCfg = Release|Any CPU
		{918521D6-AC1B-4E4C-85BB-3ED3C93BB1C4}.Release|Any CPU.Build.0 = Release|Any CPU
	EndGlobalSection
	GlobalSection(SolutionProperties) = preSolution
		HideSolutionNode = FALSE
	EndGlobalSection
	GlobalSection(ExtensibilityGlobals) = postSolution
		SolutionGuid = {590D99B3-BC0D-4E04-A78E-364F352CE24B}
	EndGlobalSection
EndGlobal
